
Microsoft Visual Studio Solution File, Format Version 12.00
# Visual Studio Version 17
VisualStudioVersion = 17.14.36518.9 d17.14
MinimumVisualStudioVersion = 10.0.40219.1
Project("{FAE04EC0-301F-11D3-BF4B-00C04F79EFBC}") = "IdopontfoglaloWebalk", "IdopontfoglaloWebalk\IdopontfoglaloWebalk.csproj", "{8AF954F0-829A-4C09-865A-4E7D69BB5A23}"
EndProject
Global
	GlobalSection(SolutionConfigurationPlatforms) = preSolution
		Debug|Any CPU = Debug|Any CPU
		Release|Any CPU = Release|Any CPU
	EndGlobalSection
	GlobalSection(ProjectConfigurationPlatforms) = postSolution
		{8AF954F0-829A-4C09-865A-4E7D69BB5A23}.Debug|Any CPU.ActiveCfg = Debug|Any CPU
		{8AF954F0-829A-4C09-865A-4E7D69BB5A23}.Debug|Any CPU.Build.0 = Debug|Any CPU
		{8AF954F0-829A-4C09-865A-4E7D69BB5A23}.Release|Any CPU.ActiveCfg = Release|Any CPU
		{8AF954F0-829A-4C09-865A-4E7D69BB5A23}.Release|Any CPU.Build.0 = Release|Any CPU
	EndGlobalSection
	GlobalSection(SolutionProperties) = preSolution
		HideSolutionNode = FALSE
	EndGlobalSection
	GlobalSection(ExtensibilityGlobals) = postSolution
		SolutionGuid = {88BC0F16-3F87-4931-A130-762210DBF53B}
	EndGlobalSection
EndGlobal
